
Microsoft Visual Studio Solution File, Format Version 12.00
# Visual Studio 15
VisualStudioVersion = 15.0.27130.2010
MinimumVisualStudioVersion = 10.0.40219.1
Project("{9A19103F-16F7-4668-BE54-9A1E7A4F7556}") = "Aliyun.TableStore", "Aliyun.TableStore\Aliyun.TableStore.csproj", "{4342FCC9-E090-46F7-88DE-1F92D49E4517}"
EndProject
Project("{9A19103F-16F7-4668-BE54-9A1E7A4F7556}") = "Aliyun.TableStore.Test", "Aliyun.TableStore.Test\Aliyun.TableStore.Test.csproj", "{F7B4F3DE-F033-4E74-B7F1-AC699AA15914}"
EndProject
Global
	GlobalSection(SolutionConfigurationPlatforms) = preSolution
		Debug|Any CPU = Debug|Any CPU
		Release|Any CPU = Release|Any CPU
	EndGlobalSection
	GlobalSection(ProjectConfigurationPlatforms) = postSolution
		{4342FCC9-E090-46F7-88DE-1F92D49E4517}.Debug|Any CPU.ActiveCfg = Debug|Any CPU
		{4342FCC9-E090-46F7-88DE-1F92D49E4517}.Debug|Any CPU.Build.0 = Debug|Any CPU
		{4342FCC9-E090-46F7-88DE-1F92D49E4517}.Release|Any CPU.ActiveCfg = Release|Any CPU
		{4342FCC9-E090-46F7-88DE-1F92D49E4517}.Release|Any CPU.Build.0 = Release|Any CPU
		{F7B4F3DE-F033-4E74-B7F1-AC699AA15914}.Debug|Any CPU.ActiveCfg = Debug|Any CPU
		{F7B4F3DE-F033-4E74-B7F1-AC699AA15914}.Debug|Any CPU.Build.0 = Debug|Any CPU
		{F7B4F3DE-F033-4E74-B7F1-AC699AA15914}.Release|Any CPU.ActiveCfg = Release|Any CPU
		{F7B4F3DE-F033-4E74-B7F1-AC699AA15914}.Release|Any CPU.Build.0 = Release|Any CPU
	EndGlobalSection
	GlobalSection(SolutionProperties) = preSolution
		HideSolutionNode = FALSE
	EndGlobalSection
	GlobalSection(ExtensibilityGlobals) = postSolution
		SolutionGuid = {E16D47DF-C5CE-4BC0-91AC-F46A63051E78}
	EndGlobalSection
EndGlobal
